{
  "version": 4,
  "terraform_version": "1.7.4",
  "serial": 27,
  "lineage": "9751e2d0-ec89-569d-3f14-1ef81de5cb77",
  "outputs": {},
  "resources": [
    {
      "mode": "managed",
      "type": "yandex_compute_instance",
      "name": "app",
      "provider": "provider[\"registry.terraform.io/yandex-cloud/yandex\"]",
      "instances": [
        {
          "index_key": 0,
          "status": "tainted",
          "schema_version": 1,
          "attributes": {
            "allow_recreate": null,
            "allow_stopping_for_update": null,
            "boot_disk": [
              {
                "auto_delete": true,
                "device_name": "fhmv09mva0vcochsaasc",
                "disk_id": "fhmv09mva0vcochsaasc",
                "initialize_params": [
                  {
                    "block_size": 4096,
                    "description": "",
                    "image_id": "fd859eudp6m5v42k36li",
                    "name": "",
                    "size": 10,
                    "snapshot_id": "",
                    "type": "network-hdd"
                  }
                ],
                "mode": "READ_WRITE"
              }
            ],
            "created_at": "2024-02-26T20:28:56Z",
            "description": "",
            "filesystem": [],
            "folder_id": "b1g8fm7t7bsh1biji6v8",
            "fqdn": "fhmo080007nab5c86oqm.auto.internal",
            "gpu_cluster_id": "",
            "hostname": "",
            "id": "fhmo080007nab5c86oqm",
            "labels": null,
            "local_disk": [],
            "maintenance_grace_period": "",
            "maintenance_policy": null,
            "metadata": {
              "ssh-keys": "ubuntu:ssh-rsa AAAAB3NzaC1yc2EAAAADAQABAAABgQCx6AmuITi2P5WH9fqwt40ErZ+Cs9QWixE/0mNhcWHDfOptzxWPdNyjQXXgz00SbMpFsi++DpRDmLELaX+yNHHyWailTC8We87lb/yY+0S7NMdwR9KF0LZ07EXMXezFKTGn8lCnvsSbSV5MuUiSIuVU2X3s9VgujhnrbrEjYy3EVDs02QuionsCgREye1U0lrsDtbw37oN5fhgIi8cLrUsNE4Jv7e5nr4Z6cfd3Imx6aIVnRYPQ3bbszI9k0/qk/Oz3tc6MSQGcSRKXKfYXLvecX0tD1viHRQOyZP0FI3F0Wgrw+ukXZ2cv1AwOB/6Zbq1+XXB5/ByCf7t6ghWPt4GcKk0KepDN1ZnLT/gi5tzPAA/PwsbH3442dAPPaQXaIR1bE+UcK9jBkZKHhlIKBVuZqU8zopFDeM/6xJ7VgrmgSFBPiiEbIO/NJcyS9ZL9JV3rTReTjbGilL/O+WI1CM71ccC3Cj5uXB5gddxZinhj00UO02sNdFcnP+XwezFs3Ss= ubuntu\n"
            },
            "metadata_options": [
              {
                "aws_v1_http_endpoint": 1,
                "aws_v1_http_token": 2,
                "gce_http_endpoint": 1,
                "gce_http_token": 1
              }
            ],
            "name": "reddit-app0",
            "network_acceleration_type": "standard",
            "network_interface": [
              {
                "dns_record": [],
                "index": 0,
                "ip_address": "10.128.0.21",
                "ipv4": true,
                "ipv6": false,
                "ipv6_address": "",
                "ipv6_dns_record": [],
                "mac_address": "d0:0d:18:02:00:00",
                "nat": true,
                "nat_dns_record": [],
                "nat_ip_address": "51.250.77.176",
                "nat_ip_version": "IPV4",
                "security_group_ids": [],
                "subnet_id": "e9b1o2lu70giksd2722l"
              }
            ],
            "placement_policy": [
              {
                "host_affinity_rules": [],
                "placement_group_id": "",
                "placement_group_partition": 0
              }
            ],
            "platform_id": "standard-v1",
            "resources": [
              {
                "core_fraction": 100,
                "cores": 2,
                "gpus": 0,
                "memory": 2
              }
            ],
            "scheduling_policy": [
              {
                "preemptible": false
              }
            ],
            "secondary_disk": [],
            "service_account_id": "",
            "status": "running",
            "timeouts": null,
            "zone": "ru-central1-a"
          },
          "sensitive_attributes": [],
          "private": "eyJlMmJmYjczMC1lY2FhLTExZTYtOGY4OC0zNDM2M2JjN2M0YzAiOnsiY3JlYXRlIjozMDAwMDAwMDAwMDAsImRlbGV0ZSI6MzAwMDAwMDAwMDAwLCJ1cGRhdGUiOjMwMDAwMDAwMDAwMH0sInNjaGVtYV92ZXJzaW9uIjoiMSJ9"
        },
        {
          "index_key": 1,
          "status": "tainted",
          "schema_version": 1,
          "attributes": {
            "allow_recreate": null,
            "allow_stopping_for_update": null,
            "boot_disk": [
              {
                "auto_delete": true,
                "device_name": "fhmtld0po76kfl1p67sn",
                "disk_id": "fhmtld0po76kfl1p67sn",
                "initialize_params": [
                  {
                    "block_size": 4096,
                    "description": "",
                    "image_id": "fd859eudp6m5v42k36li",
                    "name": "",
                    "size": 10,
                    "snapshot_id": "",
                    "type": "network-hdd"
                  }
                ],
                "mode": "READ_WRITE"
              }
            ],
            "created_at": "2024-02-26T20:28:56Z",
            "description": "",
            "filesystem": [],
            "folder_id": "b1g8fm7t7bsh1biji6v8",
            "fqdn": "fhmivomjqvashdoeqij9.auto.internal",
            "gpu_cluster_id": "",
            "hostname": "",
            "id": "fhmivomjqvashdoeqij9",
            "labels": null,
            "local_disk": [],
            "maintenance_grace_period": "",
            "maintenance_policy": null,
            "metadata": {
              "ssh-keys": "ubuntu:ssh-rsa AAAAB3NzaC1yc2EAAAADAQABAAABgQCx6AmuITi2P5WH9fqwt40ErZ+Cs9QWixE/0mNhcWHDfOptzxWPdNyjQXXgz00SbMpFsi++DpRDmLELaX+yNHHyWailTC8We87lb/yY+0S7NMdwR9KF0LZ07EXMXezFKTGn8lCnvsSbSV5MuUiSIuVU2X3s9VgujhnrbrEjYy3EVDs02QuionsCgREye1U0lrsDtbw37oN5fhgIi8cLrUsNE4Jv7e5nr4Z6cfd3Imx6aIVnRYPQ3bbszI9k0/qk/Oz3tc6MSQGcSRKXKfYXLvecX0tD1viHRQOyZP0FI3F0Wgrw+ukXZ2cv1AwOB/6Zbq1+XXB5/ByCf7t6ghWPt4GcKk0KepDN1ZnLT/gi5tzPAA/PwsbH3442dAPPaQXaIR1bE+UcK9jBkZKHhlIKBVuZqU8zopFDeM/6xJ7VgrmgSFBPiiEbIO/NJcyS9ZL9JV3rTReTjbGilL/O+WI1CM71ccC3Cj5uXB5gddxZinhj00UO02sNdFcnP+XwezFs3Ss= ubuntu\n"
            },
            "metadata_options": [
              {
                "aws_v1_http_endpoint": 1,
                "aws_v1_http_token": 2,
                "gce_http_endpoint": 1,
                "gce_http_token": 1
              }
            ],
            "name": "reddit-app1",
            "network_acceleration_type": "standard",
            "network_interface": [
              {
                "dns_record": [],
                "index": 0,
                "ip_address": "10.128.0.24",
                "ipv4": true,
                "ipv6": false,
                "ipv6_address": "",
                "ipv6_dns_record": [],
                "mac_address": "d0:0d:12:fe:2d:3d",
                "nat": true,
                "nat_dns_record": [],
                "nat_ip_address": "84.201.130.140",
                "nat_ip_version": "IPV4",
                "security_group_ids": [],
                "subnet_id": "e9b1o2lu70giksd2722l"
              }
            ],
            "placement_policy": [
              {
                "host_affinity_rules": [],
                "placement_group_id": "",
                "placement_group_partition": 0
              }
            ],
            "platform_id": "standard-v1",
            "resources": [
              {
                "core_fraction": 100,
                "cores": 2,
                "gpus": 0,
                "memory": 2
              }
            ],
            "scheduling_policy": [
              {
                "preemptible": false
              }
            ],
            "secondary_disk": [],
            "service_account_id": "",
            "status": "running",
            "timeouts": null,
            "zone": "ru-central1-a"
          },
          "sensitive_attributes": [],
          "private": "eyJlMmJmYjczMC1lY2FhLTExZTYtOGY4OC0zNDM2M2JjN2M0YzAiOnsiY3JlYXRlIjozMDAwMDAwMDAwMDAsImRlbGV0ZSI6MzAwMDAwMDAwMDAwLCJ1cGRhdGUiOjMwMDAwMDAwMDAwMH0sInNjaGVtYV92ZXJzaW9uIjoiMSJ9"
        }
      ]
    }
  ],
  "check_results": null
}
